
Microsoft Visual Studio Solution File, Format Version 12.00
# Visual Studio 14
VisualStudioVersion = 14.0.23107.0
MinimumVisualStudioVersion = 10.0.40219.1
Project("{FAE04EC0-301F-11D3-BF4B-00C04F79EFBC}") = "DomoRest", "DomoRest\DomoRest.csproj", "{626D701F-FFDF-4FC5-AF0D-313DC8FE2EAF}"
EndProject
Project("{FAE04EC0-301F-11D3-BF4B-00C04F79EFBC}") = "DomoDb", "DomoDb\DomoDb.csproj", "{753A2C0B-25A8-41B1-9A83-3DFEFC013822}"
EndProject
Project("{FAE04EC0-301F-11D3-BF4B-00C04F79EFBC}") = "DomoCore", "DomoCore\DomoCore.csproj", "{C6BDC9B1-7403-47F1-896F-AC59693EE703}"
EndProject
Project("{FAE04EC0-301F-11D3-BF4B-00C04F79EFBC}") = "DomoHard", "DomoHard\DomoHard.csproj", "{0AEAC02D-7A16-4E40-B375-7E66A95E355B}"
EndProject
Project("{FAE04EC0-301F-11D3-BF4B-00C04F79EFBC}") = "DomoHardServ", "DomoHardServ\DomoHardServ.csproj", "{E1752986-A9F8-42EA-BE28-6F7598739F24}"
EndProject
Project("{2150E333-8FDC-42A3-9474-1A3956D46DE8}") = "ArduinoSketches", "ArduinoSketches", "{E851DD10-020D-4197-93A4-81BAEF6BDF0A}"
	ProjectSection(SolutionItems) = preProject
		ArduinoSketches\ReceptionOregon.ino = ArduinoSketches\ReceptionOregon.ino
	EndProjectSection
EndProject
Project("{FAE04EC0-301F-11D3-BF4B-00C04F79EFBC}") = "DomoWeb", "DomoWeb\DomoWeb.csproj", "{8FD7CEF2-3579-4967-A074-88B966E280F0}"
EndProject
Project("{FAE04EC0-301F-11D3-BF4B-00C04F79EFBC}") = "DomoService", "DomoService\DomoService.csproj", "{DFEDB89D-DA43-4D4F-92F3-E78147A40E2C}"
EndProject
Project("{FAE04EC0-301F-11D3-BF4B-00C04F79EFBC}") = "DomoIoTCore", "DomoIoTCore\DomoIoTCore.csproj", "{756A7B9D-0053-4B66-B67C-8E219D7DA4B8}"
EndProject
Project("{FAE04EC0-301F-11D3-BF4B-00C04F79EFBC}") = "DomoDispatcher", "DomoDispatcher\DomoDispatcher.csproj", "{9418BE2A-B6FB-4758-B49A-2347554120F7}"
EndProject
Global
	GlobalSection(SolutionConfigurationPlatforms) = preSolution
		Debug|Any CPU = Debug|Any CPU
		Debug|ARM = Debug|ARM
		Debug|x64 = Debug|x64
		Debug|x86 = Debug|x86
		Release|Any CPU = Release|Any CPU
		Release|ARM = Release|ARM
		Release|x64 = Release|x64
		Release|x86 = Release|x86
	EndGlobalSection
	GlobalSection(ProjectConfigurationPlatforms) = postSolution
		{626D701F-FFDF-4FC5-AF0D-313DC8FE2EAF}.Debug|Any CPU.ActiveCfg = Debug|Any CPU
		{626D701F-FFDF-4FC5-AF0D-313DC8FE2EAF}.Debug|Any CPU.Build.0 = Debug|Any CPU
		{626D701F-FFDF-4FC5-AF0D-313DC8FE2EAF}.Debug|ARM.ActiveCfg = Debug|Any CPU
		{626D701F-FFDF-4FC5-AF0D-313DC8FE2EAF}.Debug|ARM.Build.0 = Debug|Any CPU
		{626D701F-FFDF-4FC5-AF0D-313DC8FE2EAF}.Debug|x64.ActiveCfg = Debug|Any CPU
		{626D701F-FFDF-4FC5-AF0D-313DC8FE2EAF}.Debug|x64.Build.0 = Debug|Any CPU
		{626D701F-FFDF-4FC5-AF0D-313DC8FE2EAF}.Debug|x86.ActiveCfg = Debug|Any CPU
		{626D701F-FFDF-4FC5-AF0D-313DC8FE2EAF}.Debug|x86.Build.0 = Debug|Any CPU
		{626D701F-FFDF-4FC5-AF0D-313DC8FE2EAF}.Release|Any CPU.ActiveCfg = Release|Any CPU
		{626D701F-FFDF-4FC5-AF0D-313DC8FE2EAF}.Release|Any CPU.Build.0 = Release|Any CPU
		{626D701F-FFDF-4FC5-AF0D-313DC8FE2EAF}.Release|ARM.ActiveCfg = Release|Any CPU
		{626D701F-FFDF-4FC5-AF0D-313DC8FE2EAF}.Release|ARM.Build.0 = Release|Any CPU
		{626D701F-FFDF-4FC5-AF0D-313DC8FE2EAF}.Release|x64.ActiveCfg = Release|Any CPU
		{626D701F-FFDF-4FC5-AF0D-313DC8FE2EAF}.Release|x64.Build.0 = Release|Any CPU
		{626D701F-FFDF-4FC5-AF0D-313DC8FE2EAF}.Release|x86.ActiveCfg = Release|Any CPU
		{626D701F-FFDF-4FC5-AF0D-313DC8FE2EAF}.Release|x86.Build.0 = Release|Any CPU
		{753A2C0B-25A8-41B1-9A83-3DFEFC013822}.Debug|Any CPU.ActiveCfg = Debug|Any CPU
		{753A2C0B-25A8-41B1-9A83-3DFEFC013822}.Debug|Any CPU.Build.0 = Debug|Any CPU
		{753A2C0B-25A8-41B1-9A83-3DFEFC013822}.Debug|ARM.ActiveCfg = Debug|Any CPU
		{753A2C0B-25A8-41B1-9A83-3DFEFC013822}.Debug|ARM.Build.0 = Debug|Any CPU
		{753A2C0B-25A8-41B1-9A83-3DFEFC013822}.Debug|x64.ActiveCfg = Debug|Any CPU
		{753A2C0B-25A8-41B1-9A83-3DFEFC013822}.Debug|x64.Build.0 = Debug|Any CPU
		{753A2C0B-25A8-41B1-9A83-3DFEFC013822}.Debug|x86.ActiveCfg = Debug|Any CPU
		{753A2C0B-25A8-41B1-9A83-3DFEFC013822}.Debug|x86.Build.0 = Debug|Any CPU
		{753A2C0B-25A8-41B1-9A83-3DFEFC013822}.Release|Any CPU.ActiveCfg = Release|Any CPU
		{753A2C0B-25A8-41B1-9A83-3DFEFC013822}.Release|Any CPU.Build.0 = Release|Any CPU
		{753A2C0B-25A8-41B1-9A83-3DFEFC013822}.Release|ARM.ActiveCfg = Release|Any CPU
		{753A2C0B-25A8-41B1-9A83-3DFEFC013822}.Release|ARM.Build.0 = Release|Any CPU
		{753A2C0B-25A8-41B1-9A83-3DFEFC013822}.Release|x64.ActiveCfg = Release|Any CPU
		{753A2C0B-25A8-41B1-9A83-3DFEFC013822}.Release|x64.Build.0 = Release|Any CPU
		{753A2C0B-25A8-41B1-9A83-3DFEFC013822}.Release|x86.ActiveCfg = Release|Any CPU
		{753A2C0B-25A8-41B1-9A83-3DFEFC013822}.Release|x86.Build.0 = Release|Any CPU
		{C6BDC9B1-7403-47F1-896F-AC59693EE703}.Debug|Any CPU.ActiveCfg = Debug|Any CPU
		{C6BDC9B1-7403-47F1-896F-AC59693EE703}.Debug|Any CPU.Build.0 = Debug|Any CPU
		{C6BDC9B1-7403-47F1-896F-AC59693EE703}.Debug|ARM.ActiveCfg = Debug|Any CPU
		{C6BDC9B1-7403-47F1-896F-AC59693EE703}.Debug|ARM.Build.0 = Debug|Any CPU
		{C6BDC9B1-7403-47F1-896F-AC59693EE703}.Debug|x64.ActiveCfg = Debug|Any CPU
		{C6BDC9B1-7403-47F1-896F-AC59693EE703}.Debug|x64.Build.0 = Debug|Any CPU
		{C6BDC9B1-7403-47F1-896F-AC59693EE703}.Debug|x86.ActiveCfg = Debug|Any CPU
		{C6BDC9B1-7403-47F1-896F-AC59693EE703}.Debug|x86.Build.0 = Debug|Any CPU
		{C6BDC9B1-7403-47F1-896F-AC59693EE703}.Release|Any CPU.ActiveCfg = Release|Any CPU
		{C6BDC9B1-7403-47F1-896F-AC59693EE703}.Release|Any CPU.Build.0 = Release|Any CPU
		{C6BDC9B1-7403-47F1-896F-AC59693EE703}.Release|ARM.ActiveCfg = Release|Any CPU
		{C6BDC9B1-7403-47F1-896F-AC59693EE703}.Release|ARM.Build.0 = Release|Any CPU
		{C6BDC9B1-7403-47F1-896F-AC59693EE703}.Release|x64.ActiveCfg = Release|Any CPU
		{C6BDC9B1-7403-47F1-896F-AC59693EE703}.Release|x64.Build.0 = Release|Any CPU
		{C6BDC9B1-7403-47F1-896F-AC59693EE703}.Release|x86.ActiveCfg = Release|Any CPU
		{C6BDC9B1-7403-47F1-896F-AC59693EE703}.Release|x86.Build.0 = Release|Any CPU
		{0AEAC02D-7A16-4E40-B375-7E66A95E355B}.Debug|Any CPU.ActiveCfg = Debug|Any CPU
		{0AEAC02D-7A16-4E40-B375-7E66A95E355B}.Debug|Any CPU.Build.0 = Debug|Any CPU
		{0AEAC02D-7A16-4E40-B375-7E66A95E355B}.Debug|ARM.ActiveCfg = Debug|Any CPU
		{0AEAC02D-7A16-4E40-B375-7E66A95E355B}.Debug|ARM.Build.0 = Debug|Any CPU
		{0AEAC02D-7A16-4E40-B375-7E66A95E355B}.Debug|x64.ActiveCfg = Debug|Any CPU
		{0AEAC02D-7A16-4E40-B375-7E66A95E355B}.Debug|x64.Build.0 = Debug|Any CPU
		{0AEAC02D-7A16-4E40-B375-7E66A95E355B}.Debug|x86.ActiveCfg = Debug|Any CPU
		{0AEAC02D-7A16-4E40-B375-7E66A95E355B}.Debug|x86.Build.0 = Debug|Any CPU
		{0AEAC02D-7A16-4E40-B375-7E66A95E355B}.Release|Any CPU.ActiveCfg = Release|Any CPU
		{0AEAC02D-7A16-4E40-B375-7E66A95E355B}.Release|Any CPU.Build.0 = Release|Any CPU
		{0AEAC02D-7A16-4E40-B375-7E66A95E355B}.Release|ARM.ActiveCfg = Release|Any CPU
		{0AEAC02D-7A16-4E40-B375-7E66A95E355B}.Release|ARM.Build.0 = Release|Any CPU
		{0AEAC02D-7A16-4E40-B375-7E66A95E355B}.Release|x64.ActiveCfg = Release|Any CPU
		{0AEAC02D-7A16-4E40-B375-7E66A95E355B}.Release|x64.Build.0 = Release|Any CPU
		{0AEAC02D-7A16-4E40-B375-7E66A95E355B}.Release|x86.ActiveCfg = Release|Any CPU
		{0AEAC02D-7A16-4E40-B375-7E66A95E355B}.Release|x86.Build.0 = Release|Any CPU
		{E1752986-A9F8-42EA-BE28-6F7598739F24}.Debug|Any CPU.ActiveCfg = Debug|Any CPU
		{E1752986-A9F8-42EA-BE28-6F7598739F24}.Debug|Any CPU.Build.0 = Debug|Any CPU
		{E1752986-A9F8-42EA-BE28-6F7598739F24}.Debug|ARM.ActiveCfg = Debug|Any CPU
		{E1752986-A9F8-42EA-BE28-6F7598739F24}.Debug|ARM.Build.0 = Debug|Any CPU
		{E1752986-A9F8-42EA-BE28-6F7598739F24}.Debug|x64.ActiveCfg = Debug|Any CPU
		{E1752986-A9F8-42EA-BE28-6F7598739F24}.Debug|x64.Build.0 = Debug|Any CPU
		{E1752986-A9F8-42EA-BE28-6F7598739F24}.Debug|x86.ActiveCfg = Debug|Any CPU
		{E1752986-A9F8-42EA-BE28-6F7598739F24}.Debug|x86.Build.0 = Debug|Any CPU
		{E1752986-A9F8-42EA-BE28-6F7598739F24}.Release|Any CPU.ActiveCfg = Release|Any CPU
		{E1752986-A9F8-42EA-BE28-6F7598739F24}.Release|Any CPU.Build.0 = Release|Any CPU
		{E1752986-A9F8-42EA-BE28-6F7598739F24}.Release|ARM.ActiveCfg = Release|Any CPU
		{E1752986-A9F8-42EA-BE28-6F7598739F24}.Release|ARM.Build.0 = Release|Any CPU
		{E1752986-A9F8-42EA-BE28-6F7598739F24}.Release|x64.ActiveCfg = Release|Any CPU
		{E1752986-A9F8-42EA-BE28-6F7598739F24}.Release|x64.Build.0 = Release|Any CPU
		{E1752986-A9F8-42EA-BE28-6F7598739F24}.Release|x86.ActiveCfg = Release|Any CPU
		{E1752986-A9F8-42EA-BE28-6F7598739F24}.Release|x86.Build.0 = Release|Any CPU
		{8FD7CEF2-3579-4967-A074-88B966E280F0}.Debug|Any CPU.ActiveCfg = Debug|Any CPU
		{8FD7CEF2-3579-4967-A074-88B966E280F0}.Debug|Any CPU.Build.0 = Debug|Any CPU
		{8FD7CEF2-3579-4967-A074-88B966E280F0}.Debug|ARM.ActiveCfg = Debug|Any CPU
		{8FD7CEF2-3579-4967-A074-88B966E280F0}.Debug|ARM.Build.0 = Debug|Any CPU
		{8FD7CEF2-3579-4967-A074-88B966E280F0}.Debug|x64.ActiveCfg = Debug|Any CPU
		{8FD7CEF2-3579-4967-A074-88B966E280F0}.Debug|x64.Build.0 = Debug|Any CPU
		{8FD7CEF2-3579-4967-A074-88B966E280F0}.Debug|x86.ActiveCfg = Debug|Any CPU
		{8FD7CEF2-3579-4967-A074-88B966E280F0}.Debug|x86.Build.0 = Debug|Any CPU
		{8FD7CEF2-3579-4967-A074-88B966E280F0}.Release|Any CPU.ActiveCfg = Release|Any CPU
		{8FD7CEF2-3579-4967-A074-88B966E280F0}.Release|Any CPU.Build.0 = Release|Any CPU
		{8FD7CEF2-3579-4967-A074-88B966E280F0}.Release|ARM.ActiveCfg = Release|Any CPU
		{8FD7CEF2-3579-4967-A074-88B966E280F0}.Release|ARM.Build.0 = Release|Any CPU
		{8FD7CEF2-3579-4967-A074-88B966E280F0}.Release|x64.ActiveCfg = Release|Any CPU
		{8FD7CEF2-3579-4967-A074-88B966E280F0}.Release|x64.Build.0 = Release|Any CPU
		{8FD7CEF2-3579-4967-A074-88B966E280F0}.Release|x86.ActiveCfg = Release|Any CPU
		{8FD7CEF2-3579-4967-A074-88B966E280F0}.Release|x86.Build.0 = Release|Any CPU
		{DFEDB89D-DA43-4D4F-92F3-E78147A40E2C}.Debug|Any CPU.ActiveCfg = Debug|Any CPU
		{DFEDB89D-DA43-4D4F-92F3-E78147A40E2C}.Debug|Any CPU.Build.0 = Debug|Any CPU
		{DFEDB89D-DA43-4D4F-92F3-E78147A40E2C}.Debug|ARM.ActiveCfg = Debug|Any CPU
		{DFEDB89D-DA43-4D4F-92F3-E78147A40E2C}.Debug|ARM.Build.0 = Debug|Any CPU
		{DFEDB89D-DA43-4D4F-92F3-E78147A40E2C}.Debug|x64.ActiveCfg = Debug|Any CPU
		{DFEDB89D-DA43-4D4F-92F3-E78147A40E2C}.Debug|x64.Build.0 = Debug|Any CPU
		{DFEDB89D-DA43-4D4F-92F3-E78147A40E2C}.Debug|x86.ActiveCfg = Debug|Any CPU
		{DFEDB89D-DA43-4D4F-92F3-E78147A40E2C}.Debug|x86.Build.0 = Debug|Any CPU
		{DFEDB89D-DA43-4D4F-92F3-E78147A40E2C}.Release|Any CPU.ActiveCfg = Release|Any CPU
		{DFEDB89D-DA43-4D4F-92F3-E78147A40E2C}.Release|Any CPU.Build.0 = Release|Any CPU
		{DFEDB89D-DA43-4D4F-92F3-E78147A40E2C}.Release|ARM.ActiveCfg = Release|Any CPU
		{DFEDB89D-DA43-4D4F-92F3-E78147A40E2C}.Release|ARM.Build.0 = Release|Any CPU
		{DFEDB89D-DA43-4D4F-92F3-E78147A40E2C}.Release|x64.ActiveCfg = Release|Any CPU
		{DFEDB89D-DA43-4D4F-92F3-E78147A40E2C}.Release|x64.Build.0 = Release|Any CPU
		{DFEDB89D-DA43-4D4F-92F3-E78147A40E2C}.Release|x86.ActiveCfg = Release|Any CPU
		{DFEDB89D-DA43-4D4F-92F3-E78147A40E2C}.Release|x86.Build.0 = Release|Any CPU
		{756A7B9D-0053-4B66-B67C-8E219D7DA4B8}.Debug|Any CPU.ActiveCfg = Debug|x86
		{756A7B9D-0053-4B66-B67C-8E219D7DA4B8}.Debug|Any CPU.Build.0 = Debug|x86
		{756A7B9D-0053-4B66-B67C-8E219D7DA4B8}.Debug|Any CPU.Deploy.0 = Debug|x86
		{756A7B9D-0053-4B66-B67C-8E219D7DA4B8}.Debug|ARM.ActiveCfg = Debug|ARM
		{756A7B9D-0053-4B66-B67C-8E219D7DA4B8}.Debug|ARM.Build.0 = Debug|ARM
		{756A7B9D-0053-4B66-B67C-8E219D7DA4B8}.Debug|ARM.Deploy.0 = Debug|ARM
		{756A7B9D-0053-4B66-B67C-8E219D7DA4B8}.Debug|x64.ActiveCfg = Debug|x64
		{756A7B9D-0053-4B66-B67C-8E219D7DA4B8}.Debug|x64.Build.0 = Debug|x64
		{756A7B9D-0053-4B66-B67C-8E219D7DA4B8}.Debug|x64.Deploy.0 = Debug|x64
		{756A7B9D-0053-4B66-B67C-8E219D7DA4B8}.Debug|x86.ActiveCfg = Debug|x86
		{756A7B9D-0053-4B66-B67C-8E219D7DA4B8}.Debug|x86.Build.0 = Debug|x86
		{756A7B9D-0053-4B66-B67C-8E219D7DA4B8}.Debug|x86.Deploy.0 = Debug|x86
		{756A7B9D-0053-4B66-B67C-8E219D7DA4B8}.Release|Any CPU.ActiveCfg = Release|x86
		{756A7B9D-0053-4B66-B67C-8E219D7DA4B8}.Release|ARM.ActiveCfg = Release|ARM
		{756A7B9D-0053-4B66-B67C-8E219D7DA4B8}.Release|ARM.Build.0 = Release|ARM
		{756A7B9D-0053-4B66-B67C-8E219D7DA4B8}.Release|ARM.Deploy.0 = Release|ARM
		{756A7B9D-0053-4B66-B67C-8E219D7DA4B8}.Release|x64.ActiveCfg = Release|x64
		{756A7B9D-0053-4B66-B67C-8E219D7DA4B8}.Release|x64.Build.0 = Release|x64
		{756A7B9D-0053-4B66-B67C-8E219D7DA4B8}.Release|x64.Deploy.0 = Release|x64
		{756A7B9D-0053-4B66-B67C-8E219D7DA4B8}.Release|x86.ActiveCfg = Release|x86
		{756A7B9D-0053-4B66-B67C-8E219D7DA4B8}.Release|x86.Build.0 = Release|x86
		{756A7B9D-0053-4B66-B67C-8E219D7DA4B8}.Release|x86.Deploy.0 = Release|x86
		{9418BE2A-B6FB-4758-B49A-2347554120F7}.Debug|Any CPU.ActiveCfg = Debug|Any CPU
		{9418BE2A-B6FB-4758-B49A-2347554120F7}.Debug|Any CPU.Build.0 = Debug|Any CPU
		{9418BE2A-B6FB-4758-B49A-2347554120F7}.Debug|ARM.ActiveCfg = Debug|Any CPU
		{9418BE2A-B6FB-4758-B49A-2347554120F7}.Debug|ARM.Build.0 = Debug|Any CPU
		{9418BE2A-B6FB-4758-B49A-2347554120F7}.Debug|x64.ActiveCfg = Debug|Any CPU
		{9418BE2A-B6FB-4758-B49A-2347554120F7}.Debug|x64.Build.0 = Debug|Any CPU
		{9418BE2A-B6FB-4758-B49A-2347554120F7}.Debug|x86.ActiveCfg = Debug|Any CPU
		{9418BE2A-B6FB-4758-B49A-2347554120F7}.Debug|x86.Build.0 = Debug|Any CPU
		{9418BE2A-B6FB-4758-B49A-2347554120F7}.Release|Any CPU.ActiveCfg = Release|Any CPU
		{9418BE2A-B6FB-4758-B49A-2347554120F7}.Release|Any CPU.Build.0 = Release|Any CPU
		{9418BE2A-B6FB-4758-B49A-2347554120F7}.Release|ARM.ActiveCfg = Release|Any CPU
		{9418BE2A-B6FB-4758-B49A-2347554120F7}.Release|ARM.Build.0 = Release|Any CPU
		{9418BE2A-B6FB-4758-B49A-2347554120F7}.Release|x64.ActiveCfg = Release|Any CPU
		{9418BE2A-B6FB-4758-B49A-2347554120F7}.Release|x64.Build.0 = Release|Any CPU
		{9418BE2A-B6FB-4758-B49A-2347554120F7}.Release|x86.ActiveCfg = Release|Any CPU
		{9418BE2A-B6FB-4758-B49A-2347554120F7}.Release|x86.Build.0 = Release|Any CPU
	EndGlobalSection
	GlobalSection(SolutionProperties) = preSolution
		HideSolutionNode = FALSE
	EndGlobalSection
EndGlobal
