
Microsoft Visual Studio Solution File, Format Version 12.00
# Visual Studio 2013
VisualStudioVersion = 12.0.31101.0
MinimumVisualStudioVersion = 10.0.40219.1
Project("{FAE04EC0-301F-11D3-BF4B-00C04F79EFBC}") = "DomoRest", "DomoRest\DomoRest.csproj", "{626D701F-FFDF-4FC5-AF0D-313DC8FE2EAF}"
EndProject
Project("{FAE04EC0-301F-11D3-BF4B-00C04F79EFBC}") = "DomoDb", "DomoDb\DomoDb.csproj", "{753A2C0B-25A8-41B1-9A83-3DFEFC013822}"
EndProject
Project("{FAE04EC0-301F-11D3-BF4B-00C04F79EFBC}") = "DomoCore", "DomoCore\DomoCore.csproj", "{C6BDC9B1-7403-47F1-896F-AC59693EE703}"
EndProject
Project("{FAE04EC0-301F-11D3-BF4B-00C04F79EFBC}") = "DomoHard", "DomoHard\DomoHard.csproj", "{0AEAC02D-7A16-4E40-B375-7E66A95E355B}"
EndProject
Project("{FAE04EC0-301F-11D3-BF4B-00C04F79EFBC}") = "DomoHardServ", "DomoHardServ\DomoHardServ.csproj", "{E1752986-A9F8-42EA-BE28-6F7598739F24}"
EndProject
Project("{2150E333-8FDC-42A3-9474-1A3956D46DE8}") = "ArduinoSketches", "ArduinoSketches", "{E851DD10-020D-4197-93A4-81BAEF6BDF0A}"
	ProjectSection(SolutionItems) = preProject
		ArduinoSketches\ReceptionOregon.ino = ArduinoSketches\ReceptionOregon.ino
	EndProjectSection
EndProject
Project("{FAE04EC0-301F-11D3-BF4B-00C04F79EFBC}") = "DomoWeb", "DomoWeb\DomoWeb.csproj", "{8FD7CEF2-3579-4967-A074-88B966E280F0}"
EndProject
Global
	GlobalSection(SolutionConfigurationPlatforms) = preSolution
		Debug|Any CPU = Debug|Any CPU
		Release|Any CPU = Release|Any CPU
	EndGlobalSection
	GlobalSection(ProjectConfigurationPlatforms) = postSolution
		{626D701F-FFDF-4FC5-AF0D-313DC8FE2EAF}.Debug|Any CPU.ActiveCfg = Debug|Any CPU
		{626D701F-FFDF-4FC5-AF0D-313DC8FE2EAF}.Debug|Any CPU.Build.0 = Debug|Any CPU
		{626D701F-FFDF-4FC5-AF0D-313DC8FE2EAF}.Release|Any CPU.ActiveCfg = Release|Any CPU
		{626D701F-FFDF-4FC5-AF0D-313DC8FE2EAF}.Release|Any CPU.Build.0 = Release|Any CPU
		{753A2C0B-25A8-41B1-9A83-3DFEFC013822}.Debug|Any CPU.ActiveCfg = Debug|Any CPU
		{753A2C0B-25A8-41B1-9A83-3DFEFC013822}.Debug|Any CPU.Build.0 = Debug|Any CPU
		{753A2C0B-25A8-41B1-9A83-3DFEFC013822}.Release|Any CPU.ActiveCfg = Release|Any CPU
		{753A2C0B-25A8-41B1-9A83-3DFEFC013822}.Release|Any CPU.Build.0 = Release|Any CPU
		{C6BDC9B1-7403-47F1-896F-AC59693EE703}.Debug|Any CPU.ActiveCfg = Debug|Any CPU
		{C6BDC9B1-7403-47F1-896F-AC59693EE703}.Debug|Any CPU.Build.0 = Debug|Any CPU
		{C6BDC9B1-7403-47F1-896F-AC59693EE703}.Release|Any CPU.ActiveCfg = Release|Any CPU
		{C6BDC9B1-7403-47F1-896F-AC59693EE703}.Release|Any CPU.Build.0 = Release|Any CPU
		{0AEAC02D-7A16-4E40-B375-7E66A95E355B}.Debug|Any CPU.ActiveCfg = Debug|Any CPU
		{0AEAC02D-7A16-4E40-B375-7E66A95E355B}.Debug|Any CPU.Build.0 = Debug|Any CPU
		{0AEAC02D-7A16-4E40-B375-7E66A95E355B}.Release|Any CPU.ActiveCfg = Release|Any CPU
		{0AEAC02D-7A16-4E40-B375-7E66A95E355B}.Release|Any CPU.Build.0 = Release|Any CPU
		{E1752986-A9F8-42EA-BE28-6F7598739F24}.Debug|Any CPU.ActiveCfg = Debug|Any CPU
		{E1752986-A9F8-42EA-BE28-6F7598739F24}.Debug|Any CPU.Build.0 = Debug|Any CPU
		{E1752986-A9F8-42EA-BE28-6F7598739F24}.Release|Any CPU.ActiveCfg = Release|Any CPU
		{E1752986-A9F8-42EA-BE28-6F7598739F24}.Release|Any CPU.Build.0 = Release|Any CPU
		{8FD7CEF2-3579-4967-A074-88B966E280F0}.Debug|Any CPU.ActiveCfg = Debug|Any CPU
		{8FD7CEF2-3579-4967-A074-88B966E280F0}.Debug|Any CPU.Build.0 = Debug|Any CPU
		{8FD7CEF2-3579-4967-A074-88B966E280F0}.Release|Any CPU.ActiveCfg = Release|Any CPU
		{8FD7CEF2-3579-4967-A074-88B966E280F0}.Release|Any CPU.Build.0 = Release|Any CPU
	EndGlobalSection
	GlobalSection(SolutionProperties) = preSolution
		HideSolutionNode = FALSE
	EndGlobalSection
EndGlobal
